// !$*UTF8*$!
{
	archiveVersion = 1;
	classes = {
	};
	objectVersion = 50;
	objects = {

/* Begin PBXBuildFile section */
		1A22CBFD26B9B8790066A938 /* PetManager.swift in Sources */ = {isa = PBXBuildFile; fileRef = 1A22CBFC26B9B8790066A938 /* PetManager.swift */; };
		1A2C192D26B84C1A00A274FF /* Virtual_PetApp.swift in Sources */ = {isa = PBXBuildFile; fileRef = 1A2C192C26B84C1A00A274FF /* Virtual_PetApp.swift */; };
		1A2C192F26B84C1A00A274FF /* ContentView.swift in Sources */ = {isa = PBXBuildFile; fileRef = 1A2C192E26B84C1A00A274FF /* ContentView.swift */; };
		1A2C193126B84C1F00A274FF /* Assets.xcassets in Resources */ = {isa = PBXBuildFile; fileRef = 1A2C193026B84C1F00A274FF /* Assets.xcassets */; };
		1A2C193426B84C1F00A274FF /* Preview Assets.xcassets in Resources */ = {isa = PBXBuildFile; fileRef = 1A2C193326B84C1F00A274FF /* Preview Assets.xcassets */; };
		1A2C193C26B85F5B00A274FF /* LoginView.swift in Sources */ = {isa = PBXBuildFile; fileRef = 1A2C193B26B85F5B00A274FF /* LoginView.swift */; };
		1A2C193E26B85FEA00A274FF /* Components.swift in Sources */ = {isa = PBXBuildFile; fileRef = 1A2C193D26B85FEA00A274FF /* Components.swift */; };
		4D044B3226BB055700A4EA28 /* PlayView.swift in Sources */ = {isa = PBXBuildFile; fileRef = 4D044B3126BB055700A4EA28 /* PlayView.swift */; };
		D53F8E7426B9B2A00024DCC9 /* FeedView.swift in Sources */ = {isa = PBXBuildFile; fileRef = D53F8E7326B9B2A00024DCC9 /* FeedView.swift */; };
		D552478F26BB0127001DC53D /* SleepView.swift in Sources */ = {isa = PBXBuildFile; fileRef = D552478E26BB0127001DC53D /* SleepView.swift */; };
		D552479326BC4672001DC53D /* HelpView.swift in Sources */ = {isa = PBXBuildFile; fileRef = D552479226BC4672001DC53D /* HelpView.swift */; };
		D56C032526B867C8003B3A15 /* PetMainView.swift in Sources */ = {isa = PBXBuildFile; fileRef = D56C032426B867C8003B3A15 /* PetMainView.swift */; };
/* End PBXBuildFile section */

/* Begin PBXFileReference section */
		1A22CBFC26B9B8790066A938 /* PetManager.swift */ = {isa = PBXFileReference; lastKnownFileType = sourcecode.swift; path = PetManager.swift; sourceTree = "<group>"; };
		1A2C192926B84C1A00A274FF /* Virtual Pet.app */ = {isa = PBXFileReference; explicitFileType = wrapper.application; includeInIndex = 0; path = "Virtual Pet.app"; sourceTree = BUILT_PRODUCTS_DIR; };
		1A2C192C26B84C1A00A274FF /* Virtual_PetApp.swift */ = {isa = PBXFileReference; lastKnownFileType = sourcecode.swift; path = Virtual_PetApp.swift; sourceTree = "<group>"; };
		1A2C192E26B84C1A00A274FF /* ContentView.swift */ = {isa = PBXFileReference; lastKnownFileType = sourcecode.swift; path = ContentView.swift; sourceTree = "<group>"; };
		1A2C193026B84C1F00A274FF /* Assets.xcassets */ = {isa = PBXFileReference; lastKnownFileType = folder.assetcatalog; path = Assets.xcassets; sourceTree = "<group>"; };
		1A2C193326B84C1F00A274FF /* Preview Assets.xcassets */ = {isa = PBXFileReference; lastKnownFileType = folder.assetcatalog; path = "Preview Assets.xcassets"; sourceTree = "<group>"; };
		1A2C193526B84C1F00A274FF /* Info.plist */ = {isa = PBXFileReference; lastKnownFileType = text.plist.xml; path = Info.plist; sourceTree = "<group>"; };
		1A2C193B26B85F5B00A274FF /* LoginView.swift */ = {isa = PBXFileReference; lastKnownFileType = sourcecode.swift; path = LoginView.swift; sourceTree = "<group>"; };
		1A2C193D26B85FEA00A274FF /* Components.swift */ = {isa = PBXFileReference; lastKnownFileType = sourcecode.swift; path = Components.swift; sourceTree = "<group>"; };
		4D044B3126BB055700A4EA28 /* PlayView.swift */ = {isa = PBXFileReference; lastKnownFileType = sourcecode.swift; path = PlayView.swift; sourceTree = "<group>"; };
		D53F8E7326B9B2A00024DCC9 /* FeedView.swift */ = {isa = PBXFileReference; lastKnownFileType = sourcecode.swift; path = FeedView.swift; sourceTree = "<group>"; };
		D552478E26BB0127001DC53D /* SleepView.swift */ = {isa = PBXFileReference; lastKnownFileType = sourcecode.swift; path = SleepView.swift; sourceTree = "<group>"; };
		D552479226BC4672001DC53D /* HelpView.swift */ = {isa = PBXFileReference; lastKnownFileType = sourcecode.swift; path = HelpView.swift; sourceTree = "<group>"; };
		D56C032426B867C8003B3A15 /* PetMainView.swift */ = {isa = PBXFileReference; lastKnownFileType = sourcecode.swift; path = PetMainView.swift; sourceTree = "<group>"; };
/* End PBXFileReference section */

/* Begin PBXFrameworksBuildPhase section */
		1A2C192626B84C1A00A274FF /* Frameworks */ = {
			isa = PBXFrameworksBuildPhase;
			buildActionMask = 2147483647;
			files = (
			);
			runOnlyForDeploymentPostprocessing = 0;
		};
/* End PBXFrameworksBuildPhase section */

/* Begin PBXGroup section */
		1A2C192026B84C1A00A274FF = {
			isa = PBXGroup;
			children = (
				1A2C192B26B84C1A00A274FF /* Virtual Pet */,
				1A2C192A26B84C1A00A274FF /* Products */,
			);
			sourceTree = "<group>";
		};
		1A2C192A26B84C1A00A274FF /* Products */ = {
			isa = PBXGroup;
			children = (
				1A2C192926B84C1A00A274FF /* Virtual Pet.app */,
			);
			name = Products;
			sourceTree = "<group>";
		};
		1A2C192B26B84C1A00A274FF /* Virtual Pet */ = {
			isa = PBXGroup;
			children = (
				1A2C192C26B84C1A00A274FF /* Virtual_PetApp.swift */,
				1A2C192E26B84C1A00A274FF /* ContentView.swift */,
				D56C032426B867C8003B3A15 /* PetMainView.swift */,
				1A22CBFC26B9B8790066A938 /* PetManager.swift */,
				D552479226BC4672001DC53D /* HelpView.swift */,
				D53F8E7326B9B2A00024DCC9 /* FeedView.swift */,
				4D044B3126BB055700A4EA28 /* PlayView.swift */,
				1A2C193B26B85F5B00A274FF /* LoginView.swift */,
				D552478E26BB0127001DC53D /* SleepView.swift */,
				1A2C193D26B85FEA00A274FF /* Components.swift */,
				1A2C193026B84C1F00A274FF /* Assets.xcassets */,
				1A2C193526B84C1F00A274FF /* Info.plist */,
				1A2C193226B84C1F00A274FF /* Preview Content */,
			);
			path = "Virtual Pet";
			sourceTree = "<group>";
		};
		1A2C193226B84C1F00A274FF /* Preview Content */ = {
			isa = PBXGroup;
			children = (
				1A2C193326B84C1F00A274FF /* Preview Assets.xcassets */,
			);
			path = "Preview Content";
			sourceTree = "<group>";
		};
/* End PBXGroup section */

/* Begin PBXNativeTarget section */
		1A2C192826B84C1A00A274FF /* Virtual Pet */ = {
			isa = PBXNativeTarget;
			buildConfigurationList = 1A2C193826B84C1F00A274FF /* Build configuration list for PBXNativeTarget "Virtual Pet" */;
			buildPhases = (
				1A2C192526B84C1A00A274FF /* Sources */,
				1A2C192626B84C1A00A274FF /* Frameworks */,
				1A2C192726B84C1A00A274FF /* Resources */,
			);
			buildRules = (
			);
			dependencies = (
			);
			name = "Virtual Pet";
			productName = "Virtual Pet";
			productReference = 1A2C192926B84C1A00A274FF /* Virtual Pet.app */;
			productType = "com.apple.product-type.application";
		};
/* End PBXNativeTarget section */

/* Begin PBXProject section */
		1A2C192126B84C1A00A274FF /* Project object */ = {
			isa = PBXProject;
			attributes = {
				LastSwiftUpdateCheck = 1250;
				LastUpgradeCheck = 1250;
				TargetAttributes = {
					1A2C192826B84C1A00A274FF = {
						CreatedOnToolsVersion = 12.5.1;
					};
				};
			};
			buildConfigurationList = 1A2C192426B84C1A00A274FF /* Build configuration list for PBXProject "Virtual Pet" */;
			compatibilityVersion = "Xcode 9.3";
			developmentRegion = en;
			hasScannedForEncodings = 0;
			knownRegions = (
				en,
				Base,
			);
			mainGroup = 1A2C192026B84C1A00A274FF;
			productRefGroup = 1A2C192A26B84C1A00A274FF /* Products */;
			projectDirPath = "";
			projectRoot = "";
			targets = (
				1A2C192826B84C1A00A274FF /* Virtual Pet */,
			);
		};
/* End PBXProject section */

/* Begin PBXResourcesBuildPhase section */
		1A2C192726B84C1A00A274FF /* Resources */ = {
			isa = PBXResourcesBuildPhase;
			buildActionMask = 2147483647;
			files = (
				1A2C193426B84C1F00A274FF /* Preview Assets.xcassets in Resources */,
				1A2C193126B84C1F00A274FF /* Assets.xcassets in Resources */,
			);
			runOnlyForDeploymentPostprocessing = 0;
		};
/* End PBXResourcesBuildPhase section */

/* Begin PBXSourcesBuildPhase section */
		1A2C192526B84C1A00A274FF /* Sources */ = {
			isa = PBXSourcesBuildPhase;
			buildActionMask = 2147483647;
			files = (
				1A2C193C26B85F5B00A274FF /* LoginView.swift in Sources */,
				1A2C193E26B85FEA00A274FF /* Components.swift in Sources */,
				4D044B3226BB055700A4EA28 /* PlayView.swift in Sources */,
				D552479326BC4672001DC53D /* HelpView.swift in Sources */,
				1A2C192F26B84C1A00A274FF /* ContentView.swift in Sources */,
				1A2C192D26B84C1A00A274FF /* Virtual_PetApp.swift in Sources */,
				D53F8E7426B9B2A00024DCC9 /* FeedView.swift in Sources */,
				D56C032526B867C8003B3A15 /* PetMainView.swift in Sources */,
				D552478F26BB0127001DC53D /* SleepView.swift in Sources */,
				1A22CBFD26B9B8790066A938 /* PetManager.swift in Sources */,
			);
			runOnlyForDeploymentPostprocessing = 0;
		};
/* End PBXSourcesBuildPhase section */

/* Begin XCBuildConfiguration section */
		1A2C193626B84C1F00A274FF /* Debug */ = {
			isa = XCBuildConfiguration;
			buildSettings = {
				ALWAYS_SEARCH_USER_PATHS = NO;
				CLANG_ANALYZER_NONNULL = YES;
				CLANG_ANALYZER_NUMBER_OBJECT_CONVERSION = YES_AGGRESSIVE;
				CLANG_CXX_LANGUAGE_STANDARD = "gnu++14";
				CLANG_CXX_LIBRARY = "libc++";
				CLANG_ENABLE_MODULES = YES;
				CLANG_ENABLE_OBJC_ARC = YES;
				CLANG_ENABLE_OBJC_WEAK = YES;
				CLANG_WARN_BLOCK_CAPTURE_AUTORELEASING = YES;
				CLANG_WARN_BOOL_CONVERSION = YES;
				CLANG_WARN_COMMA = YES;
				CLANG_WARN_CONSTANT_CONVERSION = YES;
				CLANG_WARN_DEPRECATED_OBJC_IMPLEMENTATIONS = YES;
				CLANG_WARN_DIRECT_OBJC_ISA_USAGE = YES_ERROR;
				CLANG_WARN_DOCUMENTATION_COMMENTS = YES;
				CLANG_WARN_EMPTY_BODY = YES;
				CLANG_WARN_ENUM_CONVERSION = YES;
				CLANG_WARN_INFINITE_RECURSION = YES;
				CLANG_WARN_INT_CONVERSION = YES;
				CLANG_WARN_NON_LITERAL_NULL_CONVERSION = YES;
				CLANG_WARN_OBJC_IMPLICIT_RETAIN_SELF = YES;
				CLANG_WARN_OBJC_LITERAL_CONVERSION = YES;
				CLANG_WARN_OBJC_ROOT_CLASS = YES_ERROR;
				CLANG_WARN_QUOTED_INCLUDE_IN_FRAMEWORK_HEADER = YES;
				CLANG_WARN_RANGE_LOOP_ANALYSIS = YES;
				CLANG_WARN_STRICT_PROTOTYPES = YES;
				CLANG_WARN_SUSPICIOUS_MOVE = YES;
				CLANG_WARN_UNGUARDED_AVAILABILITY = YES_AGGRESSIVE;
				CLANG_WARN_UNREACHABLE_CODE = YES;
				CLANG_WARN__DUPLICATE_METHOD_MATCH = YES;
				COPY_PHASE_STRIP = NO;
				DEBUG_INFORMATION_FORMAT = dwarf;
				ENABLE_STRICT_OBJC_MSGSEND = YES;
				ENABLE_TESTABILITY = YES;
				GCC_C_LANGUAGE_STANDARD = gnu11;
				GCC_DYNAMIC_NO_PIC = NO;
				GCC_NO_COMMON_BLOCKS = YES;
				GCC_OPTIMIZATION_LEVEL = 0;
				GCC_PREPROCESSOR_DEFINITIONS = (
					"DEBUG=1",
					"$(inherited)",
				);
				GCC_WARN_64_TO_32_BIT_CONVERSION = YES;
				GCC_WARN_ABOUT_RETURN_TYPE = YES_ERROR;
				GCC_WARN_UNDECLARED_SELECTOR = YES;
				GCC_WARN_UNINITIALIZED_AUTOS = YES_AGGRESSIVE;
				GCC_WARN_UNUSED_FUNCTION = YES;
				GCC_WARN_UNUSED_VARIABLE = YES;
				IPHONEOS_DEPLOYMENT_TARGET = 14.5;
				MTL_ENABLE_DEBUG_INFO = INCLUDE_SOURCE;
				MTL_FAST_MATH = YES;
				ONLY_ACTIVE_ARCH = YES;
				SDKROOT = iphoneos;
				SWIFT_ACTIVE_COMPILATION_CONDITIONS = DEBUG;
				SWIFT_OPTIMIZATION_LEVEL = "-Onone";
			};
			name = Debug;
		};
		1A2C193726B84C1F00A274FF /* Release */ = {
			isa = XCBuildConfiguration;
			buildSettings = {
				ALWAYS_SEARCH_USER_PATHS = NO;
				CLANG_ANALYZER_NONNULL = YES;
				CLANG_ANALYZER_NUMBER_OBJECT_CONVERSION = YES_AGGRESSIVE;
				CLANG_CXX_LANGUAGE_STANDARD = "gnu++14";
				CLANG_CXX_LIBRARY = "libc++";
				CLANG_ENABLE_MODULES = YES;
				CLANG_ENABLE_OBJC_ARC = YES;
				CLANG_ENABLE_OBJC_WEAK = YES;
				CLANG_WARN_BLOCK_CAPTURE_AUTORELEASING = YES;
				CLANG_WARN_BOOL_CONVERSION = YES;
				CLANG_WARN_COMMA = YES;
				CLANG_WARN_CONSTANT_CONVERSION = YES;
				CLANG_WARN_DEPRECATED_OBJC_IMPLEMENTATIONS = YES;
				CLANG_WARN_DIRECT_OBJC_ISA_USAGE = YES_ERROR;
				CLANG_WARN_DOCUMENTATION_COMMENTS = YES;
				CLANG_WARN_EMPTY_BODY = YES;
				CLANG_WARN_ENUM_CONVERSION = YES;
				CLANG_WARN_INFINITE_RECURSION = YES;
				CLANG_WARN_INT_CONVERSION = YES;
				CLANG_WARN_NON_LITERAL_NULL_CONVERSION = YES;
				CLANG_WARN_OBJC_IMPLICIT_RETAIN_SELF = YES;
				CLANG_WARN_OBJC_LITERAL_CONVERSION = YES;
				CLANG_WARN_OBJC_ROOT_CLASS = YES_ERROR;
				CLANG_WARN_QUOTED_INCLUDE_IN_FRAMEWORK_HEADER = YES;
				CLANG_WARN_RANGE_LOOP_ANALYSIS = YES;
				CLANG_WARN_STRICT_PROTOTYPES = YES;
				CLANG_WARN_SUSPICIOUS_MOVE = YES;
				CLANG_WARN_UNGUARDED_AVAILABILITY = YES_AGGRESSIVE;
				CLANG_WARN_UNREACHABLE_CODE = YES;
				CLANG_WARN__DUPLICATE_METHOD_MATCH = YES;
				COPY_PHASE_STRIP = NO;
				DEBUG_INFORMATION_FORMAT = "dwarf-with-dsym";
				ENABLE_NS_ASSERTIONS = NO;
				ENABLE_STRICT_OBJC_MSGSEND = YES;
				GCC_C_LANGUAGE_STANDARD = gnu11;
				GCC_NO_COMMON_BLOCKS = YES;
				GCC_WARN_64_TO_32_BIT_CONVERSION = YES;
				GCC_WARN_ABOUT_RETURN_TYPE = YES_ERROR;
				GCC_WARN_UNDECLARED_SELECTOR = YES;
				GCC_WARN_UNINITIALIZED_AUTOS = YES_AGGRESSIVE;
				GCC_WARN_UNUSED_FUNCTION = YES;
				GCC_WARN_UNUSED_VARIABLE = YES;
				IPHONEOS_DEPLOYMENT_TARGET = 14.5;
				MTL_ENABLE_DEBUG_INFO = NO;
				MTL_FAST_MATH = YES;
				SDKROOT = iphoneos;
				SWIFT_COMPILATION_MODE = wholemodule;
				SWIFT_OPTIMIZATION_LEVEL = "-O";
				VALIDATE_PRODUCT = YES;
			};
			name = Release;
		};
		1A2C193926B84C1F00A274FF /* Debug */ = {
			isa = XCBuildConfiguration;
			buildSettings = {
				ASSETCATALOG_COMPILER_APPICON_NAME = AppIcon;
				ASSETCATALOG_COMPILER_GLOBAL_ACCENT_COLOR_NAME = AccentColor;
				CODE_SIGN_STYLE = Automatic;
				DEVELOPMENT_ASSET_PATHS = "\"Virtual Pet/Preview Content\"";
				ENABLE_PREVIEWS = YES;
				INFOPLIST_FILE = "Virtual Pet/Info.plist";
				IPHONEOS_DEPLOYMENT_TARGET = 14.0;
				LD_RUNPATH_SEARCH_PATHS = (
					"$(inherited)",
					"@executable_path/Frameworks",
				);
				PRODUCT_BUNDLE_IDENTIFIER = "jamessun.Virtual-Pet";
				PRODUCT_NAME = "$(TARGET_NAME)";
				SWIFT_VERSION = 5.0;
				TARGETED_DEVICE_FAMILY = "1,2";
			};
			name = Debug;
		};
		1A2C193A26B84C1F00A274FF /* Release */ = {
			isa = XCBuildConfiguration;
			buildSettings = {
				ASSETCATALOG_COMPILER_APPICON_NAME = AppIcon;
				ASSETCATALOG_COMPILER_GLOBAL_ACCENT_COLOR_NAME = AccentColor;
				CODE_SIGN_STYLE = Automatic;
				DEVELOPMENT_ASSET_PATHS = "\"Virtual Pet/Preview Content\"";
				ENABLE_PREVIEWS = YES;
				INFOPLIST_FILE = "Virtual Pet/Info.plist";
				IPHONEOS_DEPLOYMENT_TARGET = 14.0;
				LD_RUNPATH_SEARCH_PATHS = (
					"$(inherited)",
					"@executable_path/Frameworks",
				);
				PRODUCT_BUNDLE_IDENTIFIER = "jamessun.Virtual-Pet";
				PRODUCT_NAME = "$(TARGET_NAME)";
				SWIFT_VERSION = 5.0;
				TARGETED_DEVICE_FAMILY = "1,2";
			};
			name = Release;
		};
/* End XCBuildConfiguration section */

/* Begin XCConfigurationList section */
		1A2C192426B84C1A00A274FF /* Build configuration list for PBXProject "Virtual Pet" */ = {
			isa = XCConfigurationList;
			buildConfigurations = (
				1A2C193626B84C1F00A274FF /* Debug */,
				1A2C193726B84C1F00A274FF /* Release */,
			);
			defaultConfigurationIsVisible = 0;
			defaultConfigurationName = Release;
		};
		1A2C193826B84C1F00A274FF /* Build configuration list for PBXNativeTarget "Virtual Pet" */ = {
			isa = XCConfigurationList;
			buildConfigurations = (
				1A2C193926B84C1F00A274FF /* Debug */,
				1A2C193A26B84C1F00A274FF /* Release */,
			);
			defaultConfigurationIsVisible = 0;
			defaultConfigurationName = Release;
		};
/* End XCConfigurationList section */
	};
	rootObject = 1A2C192126B84C1A00A274FF /* Project object */;
}
